{
  "requires": true,
  "lockfileVersion": 1,
  "dependencies": {
    "bootstrap": {
      "version": "3.3.7",
      "resolved": "https://registry.npmjs.org/bootstrap/-/bootstrap-3.3.7.tgz",
      "integrity": "sha1-WjiTlFSfIzMIdaOxUGVldPip63E="
    },
    "moonjs": {
      "version": "0.11.0",
      "resolved": "https://registry.npmjs.org/moonjs/-/moonjs-0.11.0.tgz",
      "integrity": "sha512-tvJjCVjT/DD4COpOj0jKjAE8oQfpICzd/Cl3X3lc/tXKp7zGN5xxYeH+kyPDvQeRVaxsPL3abF7aQ+54OZcrew=="
    }
  }
}
